
Microsoft Visual Studio Solution File, Format Version 12.00
# Visual Studio Version 17
VisualStudioVersion = 17.7.34031.279
MinimumVisualStudioVersion = 10.0.40219.1
Project("{FAE04EC0-301F-11D3-BF4B-00C04F79EFBC}") = "RochinGas.Android", "RochinGas.Android\RochinGas.Android.csproj", "{7A9CA692-80D0-4A46-A59F-ED133327E3FB}"
EndProject
Project("{FAE04EC0-301F-11D3-BF4B-00C04F79EFBC}") = "RochinGas.iOS", "RochinGas.iOS\RochinGas.iOS.csproj", "{6DEEB09F-3420-4BB0-8F63-92E6505E4946}"
EndProject
Project("{FAE04EC0-301F-11D3-BF4B-00C04F79EFBC}") = "RochinGas", "RochinGas\RochinGas.csproj", "{81C947D9-386B-4451-9971-F98FB92A383F}"
EndProject
Global
	GlobalSection(SolutionConfigurationPlatforms) = preSolution
		Debug|Any CPU = Debug|Any CPU
		Debug|iPhone = Debug|iPhone
		Debug|iPhoneSimulator = Debug|iPhoneSimulator
		Release|Any CPU = Release|Any CPU
		Release|iPhone = Release|iPhone
		Release|iPhoneSimulator = Release|iPhoneSimulator
	EndGlobalSection
	GlobalSection(ProjectConfigurationPlatforms) = postSolution
		{7A9CA692-80D0-4A46-A59F-ED133327E3FB}.Debug|Any CPU.ActiveCfg = Debug|Any CPU
		{7A9CA692-80D0-4A46-A59F-ED133327E3FB}.Debug|Any CPU.Build.0 = Debug|Any CPU
		{7A9CA692-80D0-4A46-A59F-ED133327E3FB}.Debug|Any CPU.Deploy.0 = Debug|Any CPU
		{7A9CA692-80D0-4A46-A59F-ED133327E3FB}.Debug|iPhone.ActiveCfg = Debug|Any CPU
		{7A9CA692-80D0-4A46-A59F-ED133327E3FB}.Debug|iPhone.Build.0 = Debug|Any CPU
		{7A9CA692-80D0-4A46-A59F-ED133327E3FB}.Debug|iPhone.Deploy.0 = Debug|Any CPU
		{7A9CA692-80D0-4A46-A59F-ED133327E3FB}.Debug|iPhoneSimulator.ActiveCfg = Debug|Any CPU
		{7A9CA692-80D0-4A46-A59F-ED133327E3FB}.Debug|iPhoneSimulator.Build.0 = Debug|Any CPU
		{7A9CA692-80D0-4A46-A59F-ED133327E3FB}.Debug|iPhoneSimulator.Deploy.0 = Debug|Any CPU
		{7A9CA692-80D0-4A46-A59F-ED133327E3FB}.Release|Any CPU.ActiveCfg = Release|Any CPU
		{7A9CA692-80D0-4A46-A59F-ED133327E3FB}.Release|Any CPU.Build.0 = Release|Any CPU
		{7A9CA692-80D0-4A46-A59F-ED133327E3FB}.Release|Any CPU.Deploy.0 = Release|Any CPU
		{7A9CA692-80D0-4A46-A59F-ED133327E3FB}.Release|iPhone.ActiveCfg = Release|Any CPU
		{7A9CA692-80D0-4A46-A59F-ED133327E3FB}.Release|iPhone.Build.0 = Release|Any CPU
		{7A9CA692-80D0-4A46-A59F-ED133327E3FB}.Release|iPhone.Deploy.0 = Release|Any CPU
		{7A9CA692-80D0-4A46-A59F-ED133327E3FB}.Release|iPhoneSimulator.ActiveCfg = Release|Any CPU
		{7A9CA692-80D0-4A46-A59F-ED133327E3FB}.Release|iPhoneSimulator.Build.0 = Release|Any CPU
		{7A9CA692-80D0-4A46-A59F-ED133327E3FB}.Release|iPhoneSimulator.Deploy.0 = Release|Any CPU
		{6DEEB09F-3420-4BB0-8F63-92E6505E4946}.Debug|Any CPU.ActiveCfg = Debug|iPhone
		{6DEEB09F-3420-4BB0-8F63-92E6505E4946}.Debug|Any CPU.Build.0 = Debug|iPhone
		{6DEEB09F-3420-4BB0-8F63-92E6505E4946}.Debug|Any CPU.Deploy.0 = Debug|iPhone
		{6DEEB09F-3420-4BB0-8F63-92E6505E4946}.Debug|iPhone.ActiveCfg = Debug|iPhone
		{6DEEB09F-3420-4BB0-8F63-92E6505E4946}.Debug|iPhone.Build.0 = Debug|iPhone
		{6DEEB09F-3420-4BB0-8F63-92E6505E4946}.Debug|iPhone.Deploy.0 = Debug|iPhone
		{6DEEB09F-3420-4BB0-8F63-92E6505E4946}.Debug|iPhoneSimulator.ActiveCfg = Debug|iPhoneSimulator
		{6DEEB09F-3420-4BB0-8F63-92E6505E4946}.Debug|iPhoneSimulator.Build.0 = Debug|iPhoneSimulator
		{6DEEB09F-3420-4BB0-8F63-92E6505E4946}.Debug|iPhoneSimulator.Deploy.0 = Debug|iPhoneSimulator
		{6DEEB09F-3420-4BB0-8F63-92E6505E4946}.Release|Any CPU.ActiveCfg = Release|iPhoneSimulator
		{6DEEB09F-3420-4BB0-8F63-92E6505E4946}.Release|Any CPU.Build.0 = Release|iPhoneSimulator
		{6DEEB09F-3420-4BB0-8F63-92E6505E4946}.Release|Any CPU.Deploy.0 = Release|iPhoneSimulator
		{6DEEB09F-3420-4BB0-8F63-92E6505E4946}.Release|iPhone.ActiveCfg = Release|iPhone
		{6DEEB09F-3420-4BB0-8F63-92E6505E4946}.Release|iPhone.Build.0 = Release|iPhone
		{6DEEB09F-3420-4BB0-8F63-92E6505E4946}.Release|iPhone.Deploy.0 = Release|iPhone
		{6DEEB09F-3420-4BB0-8F63-92E6505E4946}.Release|iPhoneSimulator.ActiveCfg = Release|iPhoneSimulator
		{6DEEB09F-3420-4BB0-8F63-92E6505E4946}.Release|iPhoneSimulator.Build.0 = Release|iPhoneSimulator
		{6DEEB09F-3420-4BB0-8F63-92E6505E4946}.Release|iPhoneSimulator.Deploy.0 = Release|iPhoneSimulator
		{81C947D9-386B-4451-9971-F98FB92A383F}.Debug|Any CPU.ActiveCfg = Debug|Any CPU
		{81C947D9-386B-4451-9971-F98FB92A383F}.Debug|Any CPU.Build.0 = Debug|Any CPU
		{81C947D9-386B-4451-9971-F98FB92A383F}.Debug|Any CPU.Deploy.0 = Debug|Any CPU
		{81C947D9-386B-4451-9971-F98FB92A383F}.Debug|iPhone.ActiveCfg = Debug|Any CPU
		{81C947D9-386B-4451-9971-F98FB92A383F}.Debug|iPhone.Build.0 = Debug|Any CPU
		{81C947D9-386B-4451-9971-F98FB92A383F}.Debug|iPhone.Deploy.0 = Debug|Any CPU
		{81C947D9-386B-4451-9971-F98FB92A383F}.Debug|iPhoneSimulator.ActiveCfg = Debug|Any CPU
		{81C947D9-386B-4451-9971-F98FB92A383F}.Debug|iPhoneSimulator.Build.0 = Debug|Any CPU
		{81C947D9-386B-4451-9971-F98FB92A383F}.Debug|iPhoneSimulator.Deploy.0 = Debug|Any CPU
		{81C947D9-386B-4451-9971-F98FB92A383F}.Release|Any CPU.ActiveCfg = Release|Any CPU
		{81C947D9-386B-4451-9971-F98FB92A383F}.Release|Any CPU.Build.0 = Release|Any CPU
		{81C947D9-386B-4451-9971-F98FB92A383F}.Release|Any CPU.Deploy.0 = Release|Any CPU
		{81C947D9-386B-4451-9971-F98FB92A383F}.Release|iPhone.ActiveCfg = Release|Any CPU
		{81C947D9-386B-4451-9971-F98FB92A383F}.Release|iPhone.Build.0 = Release|Any CPU
		{81C947D9-386B-4451-9971-F98FB92A383F}.Release|iPhone.Deploy.0 = Release|Any CPU
		{81C947D9-386B-4451-9971-F98FB92A383F}.Release|iPhoneSimulator.ActiveCfg = Release|Any CPU
		{81C947D9-386B-4451-9971-F98FB92A383F}.Release|iPhoneSimulator.Build.0 = Release|Any CPU
		{81C947D9-386B-4451-9971-F98FB92A383F}.Release|iPhoneSimulator.Deploy.0 = Release|Any CPU
	EndGlobalSection
	GlobalSection(SolutionProperties) = preSolution
		HideSolutionNode = FALSE
	EndGlobalSection
	GlobalSection(ExtensibilityGlobals) = postSolution
		SolutionGuid = {53573DDA-7456-423A-975D-B6F65EED023C}
	EndGlobalSection
EndGlobal
